
Microsoft Visual Studio Solution File, Format Version 12.00
# Visual Studio Version 17
VisualStudioVersion = 17.8.34330.188
MinimumVisualStudioVersion = 10.0.40219.1
Project("{FAE04EC0-301F-11D3-BF4B-00C04F79EFBC}") = "portfolio", "portfolio\portfolio.csproj", "{EEC8D5AB-07B1-4315-905B-156F6AFDC018}"
EndProject
Global
	GlobalSection(SolutionConfigurationPlatforms) = preSolution
		Debug|Any CPU = Debug|Any CPU
		Release|Any CPU = Release|Any CPU
	EndGlobalSection
	GlobalSection(ProjectConfigurationPlatforms) = postSolution
		{EEC8D5AB-07B1-4315-905B-156F6AFDC018}.Debug|Any CPU.ActiveCfg = Debug|Any CPU
		{EEC8D5AB-07B1-4315-905B-156F6AFDC018}.Debug|Any CPU.Build.0 = Debug|Any CPU
		{EEC8D5AB-07B1-4315-905B-156F6AFDC018}.Release|Any CPU.ActiveCfg = Release|Any CPU
		{EEC8D5AB-07B1-4315-905B-156F6AFDC018}.Release|Any CPU.Build.0 = Release|Any CPU
	EndGlobalSection
	GlobalSection(SolutionProperties) = preSolution
		HideSolutionNode = FALSE
	EndGlobalSection
	GlobalSection(ExtensibilityGlobals) = postSolution
		SolutionGuid = {6F4D74D3-83F2-4D1C-9D84-CE818D761353}
	EndGlobalSection
EndGlobal
